
Microsoft Visual Studio Solution File, Format Version 12.00
# Visual Studio 15
VisualStudioVersion = 15.0.28307.1831
MinimumVisualStudioVersion = 10.0.40219.1
Project("{FAE04EC0-301F-11D3-BF4B-00C04F79EFBC}") = "WPFStyles", "WPFStyles\WPFStyles.csproj", "{9B79EBF7-9E85-4947-9632-7C93AA8DFFBC}"
EndProject
Global
	GlobalSection(SolutionConfigurationPlatforms) = preSolution
		Debug|Any CPU = Debug|Any CPU
		Release|Any CPU = Release|Any CPU
	EndGlobalSection
	GlobalSection(ProjectConfigurationPlatforms) = postSolution
		{9B79EBF7-9E85-4947-9632-7C93AA8DFFBC}.Debug|Any CPU.ActiveCfg = Debug|Any CPU
		{9B79EBF7-9E85-4947-9632-7C93AA8DFFBC}.Debug|Any CPU.Build.0 = Debug|Any CPU
		{9B79EBF7-9E85-4947-9632-7C93AA8DFFBC}.Release|Any CPU.ActiveCfg = Release|Any CPU
		{9B79EBF7-9E85-4947-9632-7C93AA8DFFBC}.Release|Any CPU.Build.0 = Release|Any CPU
	EndGlobalSection
	GlobalSection(SolutionProperties) = preSolution
		HideSolutionNode = FALSE
	EndGlobalSection
	GlobalSection(ExtensibilityGlobals) = postSolution
		SolutionGuid = {672D6D3A-2E2A-4127-AE0C-F7A1EAB73675}
	EndGlobalSection
EndGlobal
