
Microsoft Visual Studio Solution File, Format Version 12.00
# Visual Studio 15
VisualStudioVersion = 15.0.28307.1831
MinimumVisualStudioVersion = 10.0.40219.1
Project("{FAE04EC0-301F-11D3-BF4B-00C04F79EFBC}") = "ListBoxDemo", "ListBoxDemo\ListBoxDemo.csproj", "{7EB754B8-A38B-4ABB-9E71-D3553CCA8AEB}"
EndProject
Global
	GlobalSection(SolutionConfigurationPlatforms) = preSolution
		Debug|Any CPU = Debug|Any CPU
		Release|Any CPU = Release|Any CPU
	EndGlobalSection
	GlobalSection(ProjectConfigurationPlatforms) = postSolution
		{7EB754B8-A38B-4ABB-9E71-D3553CCA8AEB}.Debug|Any CPU.ActiveCfg = Debug|Any CPU
		{7EB754B8-A38B-4ABB-9E71-D3553CCA8AEB}.Debug|Any CPU.Build.0 = Debug|Any CPU
		{7EB754B8-A38B-4ABB-9E71-D3553CCA8AEB}.Release|Any CPU.ActiveCfg = Release|Any CPU
		{7EB754B8-A38B-4ABB-9E71-D3553CCA8AEB}.Release|Any CPU.Build.0 = Release|Any CPU
	EndGlobalSection
	GlobalSection(SolutionProperties) = preSolution
		HideSolutionNode = FALSE
	EndGlobalSection
	GlobalSection(ExtensibilityGlobals) = postSolution
		SolutionGuid = {C280D8CE-DE93-4211-8236-4C0893E04A61}
	EndGlobalSection
EndGlobal
